
Microsoft Visual Studio Solution File, Format Version 12.00
# Visual Studio Version 17
VisualStudioVersion = 17.1.32210.238
MinimumVisualStudioVersion = 10.0.40219.1
Project("{FAE04EC0-301F-11D3-BF4B-00C04F79EFBC}") = "pad", "pad\pad.csproj", "{ED7D0DE5-A3E7-4668-A8F1-9649F94473F4}"
EndProject
Project("{FAE04EC0-301F-11D3-BF4B-00C04F79EFBC}") = "pad.core", "pad.core\pad.core.csproj", "{780481BD-C8F2-4468-8B19-3E559E502456}"
EndProject
Global
	GlobalSection(SolutionConfigurationPlatforms) = preSolution
		Debug|Any CPU = Debug|Any CPU
		Release|Any CPU = Release|Any CPU
	EndGlobalSection
	GlobalSection(ProjectConfigurationPlatforms) = postSolution
		{ED7D0DE5-A3E7-4668-A8F1-9649F94473F4}.Debug|Any CPU.ActiveCfg = Debug|Any CPU
		{ED7D0DE5-A3E7-4668-A8F1-9649F94473F4}.Debug|Any CPU.Build.0 = Debug|Any CPU
		{ED7D0DE5-A3E7-4668-A8F1-9649F94473F4}.Release|Any CPU.ActiveCfg = Release|Any CPU
		{ED7D0DE5-A3E7-4668-A8F1-9649F94473F4}.Release|Any CPU.Build.0 = Release|Any CPU
		{780481BD-C8F2-4468-8B19-3E559E502456}.Debug|Any CPU.ActiveCfg = Debug|Any CPU
		{780481BD-C8F2-4468-8B19-3E559E502456}.Debug|Any CPU.Build.0 = Debug|Any CPU
		{780481BD-C8F2-4468-8B19-3E559E502456}.Release|Any CPU.ActiveCfg = Release|Any CPU
		{780481BD-C8F2-4468-8B19-3E559E502456}.Release|Any CPU.Build.0 = Release|Any CPU
	EndGlobalSection
	GlobalSection(SolutionProperties) = preSolution
		HideSolutionNode = FALSE
	EndGlobalSection
	GlobalSection(ExtensibilityGlobals) = postSolution
		SolutionGuid = {E4C14770-A240-4350-92D5-EFFC6F02F52C}
	EndGlobalSection
EndGlobal
